
Microsoft Visual Studio Solution File, Format Version 12.00
# Visual Studio Version 17
VisualStudioVersion = 17.0.31903.59
MinimumVisualStudioVersion = 10.0.40219.1
Project("{FAE04EC0-301F-11D3-BF4B-00C04F79EFBC}") = "Advice.Application", "Advice.Application\Advice.Application.csproj", "{ACF2684C-0C34-4695-84D9-B54DF6EB3B54}"
EndProject
Project("{FAE04EC0-301F-11D3-BF4B-00C04F79EFBC}") = "Advice.Domain", "Advice.Domain\Advice.Domain.csproj", "{0DEFD4A1-5306-457E-B5DA-901DDAC7038B}"
EndProject
Project("{FAE04EC0-301F-11D3-BF4B-00C04F79EFBC}") = "Advice.Data", "Advice.Data\Advice.Data.csproj", "{10716CBD-2C5F-4B07-AA73-462582DDCD3D}"
EndProject
Global
	GlobalSection(SolutionConfigurationPlatforms) = preSolution
		Debug|Any CPU = Debug|Any CPU
		Release|Any CPU = Release|Any CPU
	EndGlobalSection
	GlobalSection(ProjectConfigurationPlatforms) = postSolution
		{ACF2684C-0C34-4695-84D9-B54DF6EB3B54}.Debug|Any CPU.ActiveCfg = Debug|Any CPU
		{ACF2684C-0C34-4695-84D9-B54DF6EB3B54}.Debug|Any CPU.Build.0 = Debug|Any CPU
		{ACF2684C-0C34-4695-84D9-B54DF6EB3B54}.Release|Any CPU.ActiveCfg = Release|Any CPU
		{ACF2684C-0C34-4695-84D9-B54DF6EB3B54}.Release|Any CPU.Build.0 = Release|Any CPU
		{0DEFD4A1-5306-457E-B5DA-901DDAC7038B}.Debug|Any CPU.ActiveCfg = Debug|Any CPU
		{0DEFD4A1-5306-457E-B5DA-901DDAC7038B}.Debug|Any CPU.Build.0 = Debug|Any CPU
		{0DEFD4A1-5306-457E-B5DA-901DDAC7038B}.Release|Any CPU.ActiveCfg = Release|Any CPU
		{0DEFD4A1-5306-457E-B5DA-901DDAC7038B}.Release|Any CPU.Build.0 = Release|Any CPU
		{10716CBD-2C5F-4B07-AA73-462582DDCD3D}.Debug|Any CPU.ActiveCfg = Debug|Any CPU
		{10716CBD-2C5F-4B07-AA73-462582DDCD3D}.Debug|Any CPU.Build.0 = Debug|Any CPU
		{10716CBD-2C5F-4B07-AA73-462582DDCD3D}.Release|Any CPU.ActiveCfg = Release|Any CPU
		{10716CBD-2C5F-4B07-AA73-462582DDCD3D}.Release|Any CPU.Build.0 = Release|Any CPU
	EndGlobalSection
	GlobalSection(SolutionProperties) = preSolution
		HideSolutionNode = FALSE
	EndGlobalSection
	GlobalSection(ExtensibilityGlobals) = postSolution
		SolutionGuid = {F2DC92CF-48A7-4C48-AAD0-72E4FAB024FA}
	EndGlobalSection
EndGlobal
